{
  "name": "Proyecto Final",
  "lockfileVersion": 2,
  "requires": true,
  "packages": {
    "": {
      "dependencies": {
        "html2pdf.js": "^0.10.1"
      }
    },
    "node_modules/@babel/runtime": {
      "version": "7.21.0",
      "license": "MIT",
      "dependencies": {
        "regenerator-runtime": "^0.13.11"
      },
      "engines": {
        "node": ">=6.9.0"
      }
    },
    "node_modules/@types/raf": {
      "version": "3.4.0",
      "license": "MIT",
      "optional": true
    },
    "node_modules/atob": {
      "version": "2.1.2",
      "license": "(MIT OR Apache-2.0)",
      "bin": {
        "atob": "bin/atob.js"
      },
      "engines": {
        "node": ">= 4.5.0"
      }
    },
    "node_modules/base64-arraybuffer": {
      "version": "1.0.2",
      "license": "MIT",
      "engines": {
        "node": ">= 0.6.0"
      }
    },
    "node_modules/btoa": {
      "version": "1.2.1",
      "license": "(MIT OR Apache-2.0)",
      "bin": {
        "btoa": "bin/btoa.js"
      },
      "engines": {
        "node": ">= 0.4.0"
      }
    },
    "node_modules/canvg": {
      "version": "3.0.10",
      "license": "MIT",
      "optional": true,
      "dependencies": {
        "@babel/runtime": "^7.12.5",
        "@types/raf": "^3.4.0",
        "core-js": "^3.8.3",
        "raf": "^3.4.1",
        "regenerator-runtime": "^0.13.7",
        "rgbcolor": "^1.0.1",
        "stackblur-canvas": "^2.0.0",
        "svg-pathdata": "^6.0.3"
      },
      "engines": {
        "node": ">=10.0.0"
      }
    },
    "node_modules/core-js": {
      "optional": true
    },
    "node_modules/css-line-break": {
      "version": "2.1.0",
      "license": "MIT",
      "dependencies": {
        "utrie": "^1.0.2"
      }
    },
    "node_modules/dompurify": {
      "version": "2.4.5",
      "license": "(MPL-2.0 OR Apache-2.0)",
      "optional": true
    },
    "node_modules/es6-promise": {
      "version": "4.2.8",
      "license": "MIT"
    },
    "node_modules/fflate": {
      "version": "0.4.8",
      "license": "MIT"
    },
    "node_modules/html2canvas": {
      "version": "1.4.1",
      "license": "MIT",
      "dependencies": {
        "css-line-break": "^2.1.0",
        "text-segmentation": "^1.0.3"
      },
      "engines": {
        "node": ">=8.0.0"
      }
    },
    "node_modules/html2pdf.js": {
      "version": "0.10.1",
      "resolved": "https://registry.npmjs.org/html2pdf.js/-/html2pdf.js-0.10.1.tgz",
      "integrity": "sha512-3onwwhOWsZfNjIZwV6YIJ6FVhXk+X9YxHSqzeS6hup+1dGi2DHI+zZYUJ+iFnvtaYcjlhyrILL1fvRCUOa8Fcg==",
      "dependencies": {
        "es6-promise": "^4.2.5",
        "html2canvas": "^1.0.0",
        "jspdf": "^2.3.1"
      }
    },
    "node_modules/jspdf": {
      "version": "2.5.1",
      "license": "MIT",
      "dependencies": {
        "@babel/runtime": "^7.14.0",
        "atob": "^2.1.2",
        "btoa": "^1.2.1",
        "fflate": "^0.4.8"
      },
      "optionalDependencies": {
        "canvg": "^3.0.6",
        "core-js": "^3.6.0",
        "dompurify": "^2.2.0",
        "html2canvas": "^1.0.0-rc.5"
      }
    },
    "node_modules/performance-now": {
      "version": "2.1.0",
      "license": "MIT",
      "optional": true
    },
    "node_modules/raf": {
      "version": "3.4.1",
      "license": "MIT",
      "optional": true,
      "dependencies": {
        "performance-now": "^2.1.0"
      }
    },
    "node_modules/regenerator-runtime": {
      "version": "0.13.11",
      "license": "MIT"
    },
    "node_modules/rgbcolor": {
      "version": "1.0.1",
      "license": "MIT OR SEE LICENSE IN FEEL-FREE.md",
      "optional": true,
      "engines": {
        "node": ">= 0.8.15"
      }
    },
    "node_modules/stackblur-canvas": {
      "version": "2.5.0",
      "license": "MIT",
      "optional": true,
      "engines": {
        "node": ">=0.1.14"
      }
    },
    "node_modules/svg-pathdata": {
      "version": "6.0.3",
      "license": "MIT",
      "optional": true,
      "engines": {
        "node": ">=12.0.0"
      }
    },
    "node_modules/text-segmentation": {
      "version": "1.0.3",
      "license": "MIT",
      "dependencies": {
        "utrie": "^1.0.2"
      }
    },
    "node_modules/utrie": {
      "version": "1.0.2",
      "license": "MIT",
      "dependencies": {
        "base64-arraybuffer": "^1.0.2"
      }
    }
  },
  "dependencies": {
    "@babel/runtime": {
      "version": "7.21.0",
      "requires": {
        "regenerator-runtime": "^0.13.11"
      }
    },
    "@types/raf": {
      "version": "3.4.0",
      "optional": true
    },
    "atob": {
      "version": "2.1.2"
    },
    "base64-arraybuffer": {
      "version": "1.0.2"
    },
    "btoa": {
      "version": "1.2.1"
    },
    "canvg": {
      "version": "3.0.10",
      "optional": true,
      "requires": {
        "@babel/runtime": "^7.12.5",
        "@types/raf": "^3.4.0",
        "core-js": "^3.8.3",
        "raf": "^3.4.1",
        "regenerator-runtime": "^0.13.7",
        "rgbcolor": "^1.0.1",
        "stackblur-canvas": "^2.0.0",
        "svg-pathdata": "^6.0.3"
      }
    },
    "core-js": {
      "optional": true
    },
    "css-line-break": {
      "version": "2.1.0",
      "requires": {
        "utrie": "^1.0.2"
      }
    },
    "dompurify": {
      "version": "2.4.5",
      "optional": true
    },
    "es6-promise": {
      "version": "4.2.8"
    },
    "fflate": {
      "version": "0.4.8"
    },
    "html2canvas": {
      "version": "1.4.1",
      "requires": {
        "css-line-break": "^2.1.0",
        "text-segmentation": "^1.0.3"
      }
    },
    "html2pdf.js": {
      "version": "0.10.1",
      "resolved": "https://registry.npmjs.org/html2pdf.js/-/html2pdf.js-0.10.1.tgz",
      "integrity": "sha512-3onwwhOWsZfNjIZwV6YIJ6FVhXk+X9YxHSqzeS6hup+1dGi2DHI+zZYUJ+iFnvtaYcjlhyrILL1fvRCUOa8Fcg==",
      "requires": {
        "es6-promise": "^4.2.5",
        "html2canvas": "^1.0.0",
        "jspdf": "^2.3.1"
      }
    },
    "jspdf": {
      "version": "2.5.1",
      "requires": {
        "@babel/runtime": "^7.14.0",
        "atob": "^2.1.2",
        "btoa": "^1.2.1",
        "canvg": "^3.0.6",
        "core-js": "^3.6.0",
        "dompurify": "^2.2.0",
        "fflate": "^0.4.8",
        "html2canvas": "^1.0.0-rc.5"
      }
    },
    "performance-now": {
      "version": "2.1.0",
      "optional": true
    },
    "raf": {
      "version": "3.4.1",
      "optional": true,
      "requires": {
        "performance-now": "^2.1.0"
      }
    },
    "regenerator-runtime": {
      "version": "0.13.11"
    },
    "rgbcolor": {
      "version": "1.0.1",
      "optional": true
    },
    "stackblur-canvas": {
      "version": "2.5.0",
      "optional": true
    },
    "svg-pathdata": {
      "version": "6.0.3",
      "optional": true
    },
    "text-segmentation": {
      "version": "1.0.3",
      "requires": {
        "utrie": "^1.0.2"
      }
    },
    "utrie": {
      "version": "1.0.2",
      "requires": {
        "base64-arraybuffer": "^1.0.2"
      }
    }
  }
}
